lockfileVersion: 5.4

specifiers:
  dotenv: ^16.0.1
  eris: ^0.16.1

dependencies:
  dotenv: 16.0.1
  eris: 0.16.1

packages:

  /dotenv/16.0.1:
    resolution: {integrity: sha512-1K6hR6wtk2FviQ4kEiSjFiH5rpzEVi8WW0x96aztHVMhEspNpc4DVOUTEHtEva5VThQ8IaBX1Pe4gSzpVVUsKQ==}
    engines: {node: '>=12'}
    dev: false

  /eris/0.16.1:
    resolution: {integrity: sha512-fqjgaddSvUlUjA7s85OvZimLrgCwX58Z6FXOIxdNFJdT6XReJ/LOWZKdew2CaalM8BvN2JKzn98HmKYb3zMhKg==}
    engines: {node: '>=10.4.0'}
    dependencies:
      ws: 8.6.0
    optionalDependencies:
      opusscript: 0.0.8
      tweetnacl: 1.0.3
    transitivePeerDependencies:
      - bufferutil
      - utf-8-validate
    dev: false

  /opusscript/0.0.8:
    resolution: {integrity: sha512-VSTi1aWFuCkRCVq+tx/BQ5q9fMnQ9pVZ3JU4UHKqTkf0ED3fKEPdr+gKAAl3IA2hj9rrP6iyq3hlcJq3HELtNQ==}
    requiresBuild: true
    dev: false
    optional: true

  /tweetnacl/1.0.3:
    resolution: {integrity: sha512-6rt+RN7aOi1nGMyC4Xa5DdYiukl2UWCbcJft7YhxReBGQD7OAM8Pbxw6YMo4r2diNEA8FEmu32YOn9rhaiE5yw==}
    requiresBuild: true
    dev: false
    optional: true

  /ws/8.6.0:
    resolution: {integrity: sha512-AzmM3aH3gk0aX7/rZLYvjdvZooofDu3fFOzGqcSnQ1tOcTWwhM/o+q++E8mAyVVIyUdajrkzWUGftaVSDLn1bw==}
    engines: {node: '>=10.0.0'}
    peerDependencies:
      bufferutil: ^4.0.1
      utf-8-validate: ^5.0.2
    peerDependenciesMeta:
      bufferutil:
        optional: true
      utf-8-validate:
        optional: true
    dev: false
